
Microsoft Visual Studio Solution File, Format Version 12.00
# Visual Studio 15
VisualStudioVersion = 15.0.28307.1401
MinimumVisualStudioVersion = 10.0.40219.1
Project("{FAE04EC0-301F-11D3-BF4B-00C04F79EFBC}") = "diehlCensusProjectedPopulationGrowth", "diehlCensusProjectedPopulationGrowth\diehlCensusProjectedPopulationGrowth.csproj", "{02E272F5-C67A-4D5E-95C7-8C7E368415EF}"
EndProject
Global
	GlobalSection(SolutionConfigurationPlatforms) = preSolution
		Debug|Any CPU = Debug|Any CPU
		Release|Any CPU = Release|Any CPU
	EndGlobalSection
	GlobalSection(ProjectConfigurationPlatforms) = postSolution
		{02E272F5-C67A-4D5E-95C7-8C7E368415EF}.Debug|Any CPU.ActiveCfg = Debug|Any CPU
		{02E272F5-C67A-4D5E-95C7-8C7E368415EF}.Debug|Any CPU.Build.0 = Debug|Any CPU
		{02E272F5-C67A-4D5E-95C7-8C7E368415EF}.Release|Any CPU.ActiveCfg = Release|Any CPU
		{02E272F5-C67A-4D5E-95C7-8C7E368415EF}.Release|Any CPU.Build.0 = Release|Any CPU
	EndGlobalSection
	GlobalSection(SolutionProperties) = preSolution
		HideSolutionNode = FALSE
	EndGlobalSection
	GlobalSection(ExtensibilityGlobals) = postSolution
		SolutionGuid = {D9646B5A-0573-4E7C-80CA-455E1AA962DB}
	EndGlobalSection
EndGlobal
